// !$*UTF8*$!
{
	archiveVersion = 1;
	classes = {
	};
	objectVersion = 50;
	objects = {

/* Begin PBXBuildFile section */
		8006158E2368E78D0051A0D5 /* AppDelegate.swift in Sources */ = {isa = PBXBuildFile; fileRef = 8006158D2368E78D0051A0D5 /* AppDelegate.swift */; };
		800615902368E78D0051A0D5 /* SceneDelegate.swift in Sources */ = {isa = PBXBuildFile; fileRef = 8006158F2368E78D0051A0D5 /* SceneDelegate.swift */; };
		800615922368E78D0051A0D5 /* ViewController.swift in Sources */ = {isa = PBXBuildFile; fileRef = 800615912368E78D0051A0D5 /* ViewController.swift */; };
		800615952368E78D0051A0D5 /* Main.storyboard in Resources */ = {isa = PBXBuildFile; fileRef = 800615932368E78D0051A0D5 /* Main.storyboard */; };
		800615972368E78E0051A0D5 /* Assets.xcassets in Resources */ = {isa = PBXBuildFile; fileRef = 800615962368E78E0051A0D5 /* Assets.xcassets */; };
		8006159A2368E78E0051A0D5 /* LaunchScreen.storyboard in Resources */ = {isa = PBXBuildFile; fileRef = 800615982368E78E0051A0D5 /* LaunchScreen.storyboard */; };
		8049B333236CEFC400248EC2 /* HomeViewController.swift in Sources */ = {isa = PBXBuildFile; fileRef = 8049B332236CEFC400248EC2 /* HomeViewController.swift */; };
		8049B335236CEFD600248EC2 /* SignUpViewController.swift in Sources */ = {isa = PBXBuildFile; fileRef = 8049B334236CEFD600248EC2 /* SignUpViewController.swift */; };
		8049B337236CEFE000248EC2 /* LoginViewController.swift in Sources */ = {isa = PBXBuildFile; fileRef = 8049B336236CEFE000248EC2 /* LoginViewController.swift */; };
		8049B339236CF14800248EC2 /* HighscoreViewController.swift in Sources */ = {isa = PBXBuildFile; fileRef = 8049B338236CF14800248EC2 /* HighscoreViewController.swift */; };
/* End PBXBuildFile section */

/* Begin PBXFileReference section */
		8006158A2368E78D0051A0D5 /* Simon.app */ = {isa = PBXFileReference; explicitFileType = wrapper.application; includeInIndex = 0; path = Simon.app; sourceTree = BUILT_PRODUCTS_DIR; };
		8006158D2368E78D0051A0D5 /* AppDelegate.swift */ = {isa = PBXFileReference; lastKnownFileType = sourcecode.swift; path = AppDelegate.swift; sourceTree = "<group>"; };
		8006158F2368E78D0051A0D5 /* SceneDelegate.swift */ = {isa = PBXFileReference; lastKnownFileType = sourcecode.swift; path = SceneDelegate.swift; sourceTree = "<group>"; };
		800615912368E78D0051A0D5 /* ViewController.swift */ = {isa = PBXFileReference; lastKnownFileType = sourcecode.swift; path = ViewController.swift; sourceTree = "<group>"; };
		800615942368E78D0051A0D5 /* Base */ = {isa = PBXFileReference; lastKnownFileType = file.storyboard; name = Base; path = Base.lproj/Main.storyboard; sourceTree = "<group>"; };
		800615962368E78E0051A0D5 /* Assets.xcassets */ = {isa = PBXFileReference; lastKnownFileType = folder.assetcatalog; path = Assets.xcassets; sourceTree = "<group>"; };
		800615992368E78E0051A0D5 /* Base */ = {isa = PBXFileReference; lastKnownFileType = file.storyboard; name = Base; path = Base.lproj/LaunchScreen.storyboard; sourceTree = "<group>"; };
		8006159B2368E78E0051A0D5 /* Info.plist */ = {isa = PBXFileReference; lastKnownFileType = text.plist.xml; path = Info.plist; sourceTree = "<group>"; };
		8049B332236CEFC400248EC2 /* HomeViewController.swift */ = {isa = PBXFileReference; lastKnownFileType = sourcecode.swift; path = HomeViewController.swift; sourceTree = "<group>"; };
		8049B334236CEFD600248EC2 /* SignUpViewController.swift */ = {isa = PBXFileReference; lastKnownFileType = sourcecode.swift; path = SignUpViewController.swift; sourceTree = "<group>"; };
		8049B336236CEFE000248EC2 /* LoginViewController.swift */ = {isa = PBXFileReference; lastKnownFileType = sourcecode.swift; path = LoginViewController.swift; sourceTree = "<group>"; };
		8049B338236CF14800248EC2 /* HighscoreViewController.swift */ = {isa = PBXFileReference; lastKnownFileType = sourcecode.swift; path = HighscoreViewController.swift; sourceTree = "<group>"; };
/* End PBXFileReference section */

/* Begin PBXFrameworksBuildPhase section */
		800615872368E78D0051A0D5 /* Frameworks */ = {
			isa = PBXFrameworksBuildPhase;
			buildActionMask = 2147483647;
			files = (
			);
			runOnlyForDeploymentPostprocessing = 0;
		};
/* End PBXFrameworksBuildPhase section */

/* Begin PBXGroup section */
		800615812368E78D0051A0D5 = {
			isa = PBXGroup;
			children = (
				8006158C2368E78D0051A0D5 /* SimonGame */,
				8006158B2368E78D0051A0D5 /* Products */,
			);
			sourceTree = "<group>";
		};
		8006158B2368E78D0051A0D5 /* Products */ = {
			isa = PBXGroup;
			children = (
				8006158A2368E78D0051A0D5 /* Simon.app */,
			);
			name = Products;
			sourceTree = "<group>";
		};
		8006158C2368E78D0051A0D5 /* SimonGame */ = {
			isa = PBXGroup;
			children = (
				8006158D2368E78D0051A0D5 /* AppDelegate.swift */,
				8006158F2368E78D0051A0D5 /* SceneDelegate.swift */,
				8049B331236CEF7000248EC2 /* View Controllers */,
				800615932368E78D0051A0D5 /* Main.storyboard */,
				800615962368E78E0051A0D5 /* Assets.xcassets */,
				800615982368E78E0051A0D5 /* LaunchScreen.storyboard */,
				8006159B2368E78E0051A0D5 /* Info.plist */,
			);
			path = SimonGame;
			sourceTree = "<group>";
		};
		8049B331236CEF7000248EC2 /* View Controllers */ = {
			isa = PBXGroup;
			children = (
				800615912368E78D0051A0D5 /* ViewController.swift */,
				8049B332236CEFC400248EC2 /* HomeViewController.swift */,
				8049B334236CEFD600248EC2 /* SignUpViewController.swift */,
				8049B336236CEFE000248EC2 /* LoginViewController.swift */,
				8049B338236CF14800248EC2 /* HighscoreViewController.swift */,
			);
			path = "View Controllers";
			sourceTree = "<group>";
		};
/* End PBXGroup section */

/* Begin PBXNativeTarget section */
		800615892368E78D0051A0D5 /* SimonGame */ = {
			isa = PBXNativeTarget;
			buildConfigurationList = 8006159E2368E78E0051A0D5 /* Build configuration list for PBXNativeTarget "SimonGame" */;
			buildPhases = (
				800615862368E78D0051A0D5 /* Sources */,
				800615872368E78D0051A0D5 /* Frameworks */,
				800615882368E78D0051A0D5 /* Resources */,
			);
			buildRules = (
			);
			dependencies = (
			);
			name = SimonGame;
			productName = SimonGame;
			productReference = 8006158A2368E78D0051A0D5 /* Simon.app */;
			productType = "com.apple.product-type.application";
		};
/* End PBXNativeTarget section */

/* Begin PBXProject section */
		800615822368E78D0051A0D5 /* Project object */ = {
			isa = PBXProject;
			attributes = {
				LastSwiftUpdateCheck = 1110;
				LastUpgradeCheck = 1110;
				ORGANIZATIONNAME = "Jiwoo Lee";
				TargetAttributes = {
					800615892368E78D0051A0D5 = {
						CreatedOnToolsVersion = 11.1;
					};
				};
			};
			buildConfigurationList = 800615852368E78D0051A0D5 /* Build configuration list for PBXProject "SimonGame" */;
			compatibilityVersion = "Xcode 9.3";
			developmentRegion = en;
			hasScannedForEncodings = 0;
			knownRegions = (
				en,
				Base,
			);
			mainGroup = 800615812368E78D0051A0D5;
			productRefGroup = 8006158B2368E78D0051A0D5 /* Products */;
			projectDirPath = "";
			projectRoot = "";
			targets = (
				800615892368E78D0051A0D5 /* SimonGame */,
			);
		};
/* End PBXProject section */

/* Begin PBXResourcesBuildPhase section */
		800615882368E78D0051A0D5 /* Resources */ = {
			isa = PBXResourcesBuildPhase;
			buildActionMask = 2147483647;
			files = (
				8006159A2368E78E0051A0D5 /* LaunchScreen.storyboard in Resources */,
				800615972368E78E0051A0D5 /* Assets.xcassets in Resources */,
				800615952368E78D0051A0D5 /* Main.storyboard in Resources */,
			);
			runOnlyForDeploymentPostprocessing = 0;
		};
/* End PBXResourcesBuildPhase section */

/* Begin PBXSourcesBuildPhase section */
		800615862368E78D0051A0D5 /* Sources */ = {
			isa = PBXSourcesBuildPhase;
			buildActionMask = 2147483647;
			files = (
				8049B337236CEFE000248EC2 /* LoginViewController.swift in Sources */,
				800615922368E78D0051A0D5 /* ViewController.swift in Sources */,
				8006158E2368E78D0051A0D5 /* AppDelegate.swift in Sources */,
				800615902368E78D0051A0D5 /* SceneDelegate.swift in Sources */,
				8049B333236CEFC400248EC2 /* HomeViewController.swift in Sources */,
				8049B335236CEFD600248EC2 /* SignUpViewController.swift in Sources */,
				8049B339236CF14800248EC2 /* HighscoreViewController.swift in Sources */,
			);
			runOnlyForDeploymentPostprocessing = 0;
		};
/* End PBXSourcesBuildPhase section */

/* Begin PBXVariantGroup section */
		800615932368E78D0051A0D5 /* Main.storyboard */ = {
			isa = PBXVariantGroup;
			children = (
				800615942368E78D0051A0D5 /* Base */,
			);
			name = Main.storyboard;
			sourceTree = "<group>";
		};
		800615982368E78E0051A0D5 /* LaunchScreen.storyboard */ = {
			isa = PBXVariantGroup;
			children = (
				800615992368E78E0051A0D5 /* Base */,
			);
			name = LaunchScreen.storyboard;
			sourceTree = "<group>";
		};
/* End PBXVariantGroup section */

/* Begin XCBuildConfiguration section */
		8006159C2368E78E0051A0D5 /* Debug */ = {
			isa = XCBuildConfiguration;
			buildSettings = {
				ALWAYS_SEARCH_USER_PATHS = NO;
				CLANG_ANALYZER_NONNULL = YES;
				CLANG_ANALYZER_NUMBER_OBJECT_CONVERSION = YES_AGGRESSIVE;
				CLANG_CXX_LANGUAGE_STANDARD = "gnu++14";
				CLANG_CXX_LIBRARY = "libc++";
				CLANG_ENABLE_MODULES = YES;
				CLANG_ENABLE_OBJC_ARC = YES;
				CLANG_ENABLE_OBJC_WEAK = YES;
				CLANG_WARN_BLOCK_CAPTURE_AUTORELEASING = YES;
				CLANG_WARN_BOOL_CONVERSION = YES;
				CLANG_WARN_COMMA = YES;
				CLANG_WARN_CONSTANT_CONVERSION = YES;
				CLANG_WARN_DEPRECATED_OBJC_IMPLEMENTATIONS = YES;
				CLANG_WARN_DIRECT_OBJC_ISA_USAGE = YES_ERROR;
				CLANG_WARN_DOCUMENTATION_COMMENTS = YES;
				CLANG_WARN_EMPTY_BODY = YES;
				CLANG_WARN_ENUM_CONVERSION = YES;
				CLANG_WARN_INFINITE_RECURSION = YES;
				CLANG_WARN_INT_CONVERSION = YES;
				CLANG_WARN_NON_LITERAL_NULL_CONVERSION = YES;
				CLANG_WARN_OBJC_IMPLICIT_RETAIN_SELF = YES;
				CLANG_WARN_OBJC_LITERAL_CONVERSION = YES;
				CLANG_WARN_OBJC_ROOT_CLASS = YES_ERROR;
				CLANG_WARN_RANGE_LOOP_ANALYSIS = YES;
				CLANG_WARN_STRICT_PROTOTYPES = YES;
				CLANG_WARN_SUSPICIOUS_MOVE = YES;
				CLANG_WARN_UNGUARDED_AVAILABILITY = YES_AGGRESSIVE;
				CLANG_WARN_UNREACHABLE_CODE = YES;
				CLANG_WARN__DUPLICATE_METHOD_MATCH = YES;
				COPY_PHASE_STRIP = NO;
				DEBUG_INFORMATION_FORMAT = dwarf;
				ENABLE_STRICT_OBJC_MSGSEND = YES;
				ENABLE_TESTABILITY = YES;
				GCC_C_LANGUAGE_STANDARD = gnu11;
				GCC_DYNAMIC_NO_PIC = NO;
				GCC_NO_COMMON_BLOCKS = YES;
				GCC_OPTIMIZATION_LEVEL = 0;
				GCC_PREPROCESSOR_DEFINITIONS = (
					"DEBUG=1",
					"$(inherited)",
				);
				GCC_WARN_64_TO_32_BIT_CONVERSION = YES;
				GCC_WARN_ABOUT_RETURN_TYPE = YES_ERROR;
				GCC_WARN_UNDECLARED_SELECTOR = YES;
				GCC_WARN_UNINITIALIZED_AUTOS = YES_AGGRESSIVE;
				GCC_WARN_UNUSED_FUNCTION = YES;
				GCC_WARN_UNUSED_VARIABLE = YES;
				IPHONEOS_DEPLOYMENT_TARGET = 13.1;
				MTL_ENABLE_DEBUG_INFO = INCLUDE_SOURCE;
				MTL_FAST_MATH = YES;
				ONLY_ACTIVE_ARCH = YES;
				SDKROOT = iphoneos;
				SWIFT_ACTIVE_COMPILATION_CONDITIONS = DEBUG;
				SWIFT_OPTIMIZATION_LEVEL = "-Onone";
			};
			name = Debug;
		};
		8006159D2368E78E0051A0D5 /* Release */ = {
			isa = XCBuildConfiguration;
			buildSettings = {
				ALWAYS_SEARCH_USER_PATHS = NO;
				CLANG_ANALYZER_NONNULL = YES;
				CLANG_ANALYZER_NUMBER_OBJECT_CONVERSION = YES_AGGRESSIVE;
				CLANG_CXX_LANGUAGE_STANDARD = "gnu++14";
				CLANG_CXX_LIBRARY = "libc++";
				CLANG_ENABLE_MODULES = YES;
				CLANG_ENABLE_OBJC_ARC = YES;
				CLANG_ENABLE_OBJC_WEAK = YES;
				CLANG_WARN_BLOCK_CAPTURE_AUTORELEASING = YES;
				CLANG_WARN_BOOL_CONVERSION = YES;
				CLANG_WARN_COMMA = YES;
				CLANG_WARN_CONSTANT_CONVERSION = YES;
				CLANG_WARN_DEPRECATED_OBJC_IMPLEMENTATIONS = YES;
				CLANG_WARN_DIRECT_OBJC_ISA_USAGE = YES_ERROR;
				CLANG_WARN_DOCUMENTATION_COMMENTS = YES;
				CLANG_WARN_EMPTY_BODY = YES;
				CLANG_WARN_ENUM_CONVERSION = YES;
				CLANG_WARN_INFINITE_RECURSION = YES;
				CLANG_WARN_INT_CONVERSION = YES;
				CLANG_WARN_NON_LITERAL_NULL_CONVERSION = YES;
				CLANG_WARN_OBJC_IMPLICIT_RETAIN_SELF = YES;
				CLANG_WARN_OBJC_LITERAL_CONVERSION = YES;
				CLANG_WARN_OBJC_ROOT_CLASS = YES_ERROR;
				CLANG_WARN_RANGE_LOOP_ANALYSIS = YES;
				CLANG_WARN_STRICT_PROTOTYPES = YES;
				CLANG_WARN_SUSPICIOUS_MOVE = YES;
				CLANG_WARN_UNGUARDED_AVAILABILITY = YES_AGGRESSIVE;
				CLANG_WARN_UNREACHABLE_CODE = YES;
				CLANG_WARN__DUPLICATE_METHOD_MATCH = YES;
				COPY_PHASE_STRIP = NO;
				DEBUG_INFORMATION_FORMAT = "dwarf-with-dsym";
				ENABLE_NS_ASSERTIONS = NO;
				ENABLE_STRICT_OBJC_MSGSEND = YES;
				GCC_C_LANGUAGE_STANDARD = gnu11;
				GCC_NO_COMMON_BLOCKS = YES;
				GCC_WARN_64_TO_32_BIT_CONVERSION = YES;
				GCC_WARN_ABOUT_RETURN_TYPE = YES_ERROR;
				GCC_WARN_UNDECLARED_SELECTOR = YES;
				GCC_WARN_UNINITIALIZED_AUTOS = YES_AGGRESSIVE;
				GCC_WARN_UNUSED_FUNCTION = YES;
				GCC_WARN_UNUSED_VARIABLE = YES;
				IPHONEOS_DEPLOYMENT_TARGET = 13.1;
				MTL_ENABLE_DEBUG_INFO = NO;
				MTL_FAST_MATH = YES;
				SDKROOT = iphoneos;
				SWIFT_COMPILATION_MODE = wholemodule;
				SWIFT_OPTIMIZATION_LEVEL = "-O";
				VALIDATE_PRODUCT = YES;
			};
			name = Release;
		};
		8006159F2368E78E0051A0D5 /* Debug */ = {
			isa = XCBuildConfiguration;
			buildSettings = {
				ASSETCATALOG_COMPILER_APPICON_NAME = AppIcon;
				CODE_SIGN_STYLE = Automatic;
				INFOPLIST_FILE = SimonGame/Info.plist;
				LD_RUNPATH_SEARCH_PATHS = (
					"$(inherited)",
					"@executable_path/Frameworks",
				);
				PRODUCT_BUNDLE_IDENTIFIER = com.JiwooLee.SimonGame;
				PRODUCT_NAME = Simon;
				SWIFT_VERSION = 5.0;
				TARGETED_DEVICE_FAMILY = "1,2";
			};
			name = Debug;
		};
		800615A02368E78E0051A0D5 /* Release */ = {
			isa = XCBuildConfiguration;
			buildSettings = {
				ASSETCATALOG_COMPILER_APPICON_NAME = AppIcon;
				CODE_SIGN_STYLE = Automatic;
				INFOPLIST_FILE = SimonGame/Info.plist;
				LD_RUNPATH_SEARCH_PATHS = (
					"$(inherited)",
					"@executable_path/Frameworks",
				);
				PRODUCT_BUNDLE_IDENTIFIER = com.JiwooLee.SimonGame;
				PRODUCT_NAME = Simon;
				SWIFT_VERSION = 5.0;
				TARGETED_DEVICE_FAMILY = "1,2";
			};
			name = Release;
		};
/* End XCBuildConfiguration section */

/* Begin XCConfigurationList section */
		800615852368E78D0051A0D5 /* Build configuration list for PBXProject "SimonGame" */ = {
			isa = XCConfigurationList;
			buildConfigurations = (
				8006159C2368E78E0051A0D5 /* Debug */,
				8006159D2368E78E0051A0D5 /* Release */,
			);
			defaultConfigurationIsVisible = 0;
			defaultConfigurationName = Release;
		};
		8006159E2368E78E0051A0D5 /* Build configuration list for PBXNativeTarget "SimonGame" */ = {
			isa = XCConfigurationList;
			buildConfigurations = (
				8006159F2368E78E0051A0D5 /* Debug */,
				800615A02368E78E0051A0D5 /* Release */,
			);
			defaultConfigurationIsVisible = 0;
			defaultConfigurationName = Release;
		};
/* End XCConfigurationList section */
	};
	rootObject = 800615822368E78D0051A0D5 /* Project object */;
}
